
Microsoft Visual Studio Solution File, Format Version 12.00
# Visual Studio Version 17
VisualStudioVersion = 17.5.33530.505
MinimumVisualStudioVersion = 10.0.40219.1
Project("{FAE04EC0-301F-11D3-BF4B-00C04F79EFBC}") = "TestLibrary", "TestLibrary.csproj", "{D52CD449-94F0-4820-BF1C-3E6534E24570}"
EndProject
Project("{FAE04EC0-301F-11D3-BF4B-00C04F79EFBC}") = "MVCTest", "..\MVCTest\MVCTest.csproj", "{A4D966DA-EE4A-49C2-968C-9B6057399D9E}"
EndProject
Global
	GlobalSection(SolutionConfigurationPlatforms) = preSolution
		Debug|Any CPU = Debug|Any CPU
		Release|Any CPU = Release|Any CPU
	EndGlobalSection
	GlobalSection(ProjectConfigurationPlatforms) = postSolution
		{D52CD449-94F0-4820-BF1C-3E6534E24570}.Debug|Any CPU.ActiveCfg = Debug|Any CPU
		{D52CD449-94F0-4820-BF1C-3E6534E24570}.Debug|Any CPU.Build.0 = Debug|Any CPU
		{D52CD449-94F0-4820-BF1C-3E6534E24570}.Release|Any CPU.ActiveCfg = Release|Any CPU
		{D52CD449-94F0-4820-BF1C-3E6534E24570}.Release|Any CPU.Build.0 = Release|Any CPU
		{A4D966DA-EE4A-49C2-968C-9B6057399D9E}.Debug|Any CPU.ActiveCfg = Debug|Any CPU
		{A4D966DA-EE4A-49C2-968C-9B6057399D9E}.Debug|Any CPU.Build.0 = Debug|Any CPU
		{A4D966DA-EE4A-49C2-968C-9B6057399D9E}.Release|Any CPU.ActiveCfg = Release|Any CPU
		{A4D966DA-EE4A-49C2-968C-9B6057399D9E}.Release|Any CPU.Build.0 = Release|Any CPU
	EndGlobalSection
	GlobalSection(SolutionProperties) = preSolution
		HideSolutionNode = FALSE
	EndGlobalSection
	GlobalSection(ExtensibilityGlobals) = postSolution
		SolutionGuid = {2E2A684A-4578-4136-B4B8-C7CB1123A6D3}
	EndGlobalSection
EndGlobal
